{
  "name": "server-files",
  "version": "1.0.0",
  "lockfileVersion": 2,
  "requires": true,
  "packages": {
    "": {
      "name": "server-files",
      "version": "1.0.0",
      "license": "ISC",
      "dependencies": {
        "require-dir-all": "^0.4.15"
      }
    },
    "node_modules/mini-deep-assign": {
      "version": "0.0.8",
      "resolved": "https://registry.npmjs.org/mini-deep-assign/-/mini-deep-assign-0.0.8.tgz",
      "integrity": "sha512-Bbf6HSvWabsDaYOhUoG2LFjSm3D52Ew7BPoOrOHDhYrXbS0AiBjOx+E9446v5KY9sah5tWlGisNfAfzOlzapFA==",
      "engines": {
        "node": ">=0.10"
      }
    },
    "node_modules/module-parent": {
      "version": "0.0.2",
      "resolved": "https://registry.npmjs.org/module-parent/-/module-parent-0.0.2.tgz",
      "integrity": "sha512-Qfm87YUBPjznVgdEZvY+5JaNCSyRM7cUjKdduX8a4h10OZRBG7yJeum/zisbR57ccOhm8sFZeDDxdDPNFX8iCQ==",
      "engines": {
        "node": ">=0.10"
      }
    },
    "node_modules/require-dir-all": {
      "version": "0.4.15",
      "resolved": "https://registry.npmjs.org/require-dir-all/-/require-dir-all-0.4.15.tgz",
      "integrity": "sha512-a/WnWLc9khefdLZTwh2P2naLkaB9okN7FV2RsUDLgfvDs/j/F/sESA7gPMrVqhlj/MGSAtuRPLTkNNBhVzC+7w==",
      "dependencies": {
        "mini-deep-assign": "0.0.8",
        "module-parent": "0.0.2"
      },
      "engines": {
        "node": ">=4"
      }
    }
  },
  "dependencies": {
    "mini-deep-assign": {
      "version": "0.0.8",
      "resolved": "https://registry.npmjs.org/mini-deep-assign/-/mini-deep-assign-0.0.8.tgz",
      "integrity": "sha512-Bbf6HSvWabsDaYOhUoG2LFjSm3D52Ew7BPoOrOHDhYrXbS0AiBjOx+E9446v5KY9sah5tWlGisNfAfzOlzapFA=="
    },
    "module-parent": {
      "version": "0.0.2",
      "resolved": "https://registry.npmjs.org/module-parent/-/module-parent-0.0.2.tgz",
      "integrity": "sha512-Qfm87YUBPjznVgdEZvY+5JaNCSyRM7cUjKdduX8a4h10OZRBG7yJeum/zisbR57ccOhm8sFZeDDxdDPNFX8iCQ=="
    },
    "require-dir-all": {
      "version": "0.4.15",
      "resolved": "https://registry.npmjs.org/require-dir-all/-/require-dir-all-0.4.15.tgz",
      "integrity": "sha512-a/WnWLc9khefdLZTwh2P2naLkaB9okN7FV2RsUDLgfvDs/j/F/sESA7gPMrVqhlj/MGSAtuRPLTkNNBhVzC+7w==",
      "requires": {
        "mini-deep-assign": "0.0.8",
        "module-parent": "0.0.2"
      }
    }
  }
}
